
Microsoft Visual Studio Solution File, Format Version 12.00
# Visual Studio 15
VisualStudioVersion = 15.0.28307.1000
MinimumVisualStudioVersion = 10.0.40219.1
Project("{888888A0-9F3D-457C-B088-3A5042F75D52}") = "PyTREX", "PyTREX.pyproj", "{C596FB6A-EC8F-4B4A-A8D1-37B763DAD4BF}"
EndProject
Global
	GlobalSection(SolutionConfigurationPlatforms) = preSolution
		Debug|Any CPU = Debug|Any CPU
		Release|Any CPU = Release|Any CPU
	EndGlobalSection
	GlobalSection(ProjectConfigurationPlatforms) = postSolution
		{C596FB6A-EC8F-4B4A-A8D1-37B763DAD4BF}.Debug|Any CPU.ActiveCfg = Debug|Any CPU
		{C596FB6A-EC8F-4B4A-A8D1-37B763DAD4BF}.Release|Any CPU.ActiveCfg = Release|Any CPU
	EndGlobalSection
	GlobalSection(SolutionProperties) = preSolution
		HideSolutionNode = FALSE
	EndGlobalSection
	GlobalSection(ExtensibilityGlobals) = postSolution
		SolutionGuid = {C61D0693-71A3-425E-B94D-6DB0B78FFE7B}
	EndGlobalSection
EndGlobal
